
Microsoft Visual Studio Solution File, Format Version 11.00
# Visual Studio 2010
Project("{8BC9CEB8-8B4A-11D0-8D11-00A0C91BC942}") = "MASM_FP", "MASM_FP\MASM_FP.vcxproj", "{C26CBB08-6B21-4402-91E7-A4D4978B1D9D}"
EndProject
Global
	GlobalSection(SolutionConfigurationPlatforms) = preSolution
		Debug|Win32 = Debug|Win32
		Release|Win32 = Release|Win32
	EndGlobalSection
	GlobalSection(ProjectConfigurationPlatforms) = postSolution
		{C26CBB08-6B21-4402-91E7-A4D4978B1D9D}.Debug|Win32.ActiveCfg = Debug|Win32
		{C26CBB08-6B21-4402-91E7-A4D4978B1D9D}.Debug|Win32.Build.0 = Debug|Win32
		{C26CBB08-6B21-4402-91E7-A4D4978B1D9D}.Release|Win32.ActiveCfg = Release|Win32
		{C26CBB08-6B21-4402-91E7-A4D4978B1D9D}.Release|Win32.Build.0 = Release|Win32
	EndGlobalSection
	GlobalSection(SolutionProperties) = preSolution
		HideSolutionNode = FALSE
	EndGlobalSection
EndGlobal
